
Microsoft Visual Studio Solution File, Format Version 12.00
# Visual Studio 14
VisualStudioVersion = 14.0.25420.1
MinimumVisualStudioVersion = 10.0.40219.1
Project("{FAE04EC0-301F-11D3-BF4B-00C04F79EFBC}") = "CodeKata", "CodeKata\CodeKata.csproj", "{06E4C140-E3C2-4DCE-86A2-B22A0246C254}"
EndProject
Project("{FAE04EC0-301F-11D3-BF4B-00C04F79EFBC}") = "KarateChop", "KarateChop\KarateChop.csproj", "{F6A8B766-083A-420C-AA18-352F967865D5}"
EndProject
Project("{FAE04EC0-301F-11D3-BF4B-00C04F79EFBC}") = "ChargeCount", "ChargeCount\ChargeCount.csproj", "{BE447CB0-0A02-4CC0-AE02-52875F630432}"
EndProject
Project("{FAE04EC0-301F-11D3-BF4B-00C04F79EFBC}") = "Core", "Core\Core.csproj", "{BD36DD3E-AC41-4398-9322-24063BA05F66}"
EndProject
Global
	GlobalSection(SolutionConfigurationPlatforms) = preSolution
		Debug|Any CPU = Debug|Any CPU
		Release|Any CPU = Release|Any CPU
	EndGlobalSection
	GlobalSection(ProjectConfigurationPlatforms) = postSolution
		{06E4C140-E3C2-4DCE-86A2-B22A0246C254}.Debug|Any CPU.ActiveCfg = Debug|Any CPU
		{06E4C140-E3C2-4DCE-86A2-B22A0246C254}.Debug|Any CPU.Build.0 = Debug|Any CPU
		{06E4C140-E3C2-4DCE-86A2-B22A0246C254}.Release|Any CPU.ActiveCfg = Release|Any CPU
		{06E4C140-E3C2-4DCE-86A2-B22A0246C254}.Release|Any CPU.Build.0 = Release|Any CPU
		{F6A8B766-083A-420C-AA18-352F967865D5}.Debug|Any CPU.ActiveCfg = Debug|Any CPU
		{F6A8B766-083A-420C-AA18-352F967865D5}.Debug|Any CPU.Build.0 = Debug|Any CPU
		{F6A8B766-083A-420C-AA18-352F967865D5}.Release|Any CPU.ActiveCfg = Release|Any CPU
		{F6A8B766-083A-420C-AA18-352F967865D5}.Release|Any CPU.Build.0 = Release|Any CPU
		{BE447CB0-0A02-4CC0-AE02-52875F630432}.Debug|Any CPU.ActiveCfg = Debug|Any CPU
		{BE447CB0-0A02-4CC0-AE02-52875F630432}.Debug|Any CPU.Build.0 = Debug|Any CPU
		{BE447CB0-0A02-4CC0-AE02-52875F630432}.Release|Any CPU.ActiveCfg = Release|Any CPU
		{BE447CB0-0A02-4CC0-AE02-52875F630432}.Release|Any CPU.Build.0 = Release|Any CPU
		{BD36DD3E-AC41-4398-9322-24063BA05F66}.Debug|Any CPU.ActiveCfg = Debug|Any CPU
		{BD36DD3E-AC41-4398-9322-24063BA05F66}.Debug|Any CPU.Build.0 = Debug|Any CPU
		{BD36DD3E-AC41-4398-9322-24063BA05F66}.Release|Any CPU.ActiveCfg = Release|Any CPU
		{BD36DD3E-AC41-4398-9322-24063BA05F66}.Release|Any CPU.Build.0 = Release|Any CPU
	EndGlobalSection
	GlobalSection(SolutionProperties) = preSolution
		HideSolutionNode = FALSE
	EndGlobalSection
EndGlobal
